
Microsoft Visual Studio Solution File, Format Version 12.00
# Visual Studio Version 16
VisualStudioVersion = 16.0.29424.173
MinimumVisualStudioVersion = 10.0.40219.1
Project("{9A19103F-16F7-4668-BE54-9A1E7A4F7556}") = "StringReverseWithPredefinedFuns", "StringReverseWithPredefinedFuns\StringReverseWithPredefinedFuns.csproj", "{49E2519D-0E70-41DC-9E85-2915637D571C}"
EndProject
Project("{9A19103F-16F7-4668-BE54-9A1E7A4F7556}") = "StringReverseWithOut", "StringReverseWithOut\StringReverseWithOut.csproj", "{49D50268-69DA-4FAE-A660-BAE5D7039CB7}"
EndProject
Project("{9A19103F-16F7-4668-BE54-9A1E7A4F7556}") = "AddSpacesBetweenCharactersInString", "AddSpacesBetweenCharactersInString\AddSpacesBetweenCharactersInString.csproj", "{B02E8568-E0BD-47A7-8B6A-ACEF6C09E738}"
EndProject
Project("{9A19103F-16F7-4668-BE54-9A1E7A4F7556}") = "CharactersCountInString", "CharactersCountInString\CharactersCountInString.csproj", "{9166AAED-1875-4DD2-926F-AAD0BB2CBF30}"
EndProject
Project("{9A19103F-16F7-4668-BE54-9A1E7A4F7556}") = "ReplaceMultipleSpacesWithSingleSpace", "ReplaceMultipleSpacesWithSingleSpace\ReplaceMultipleSpacesWithSingleSpace.csproj", "{876B41FC-6102-4240-A857-EE343D0EB3D3}"
EndProject
Project("{9A19103F-16F7-4668-BE54-9A1E7A4F7556}") = "ReverseWordsInStatement", "ReverseWordsInStatement\ReverseWordsInStatement.csproj", "{65CFDB5C-5F4F-4D82-8878-63280BB9A29D}"
EndProject
Project("{FAE04EC0-301F-11D3-BF4B-00C04F79EFBC}") = "Sring_Comparision_3Ways", "Sring_Comparision_3Ways\Sring_Comparision_3Ways.csproj", "{B32E597E-C9B7-4662-9450-239C5BD5AB83}"
EndProject
Global
	GlobalSection(SolutionConfigurationPlatforms) = preSolution
		Debug|Any CPU = Debug|Any CPU
		Release|Any CPU = Release|Any CPU
	EndGlobalSection
	GlobalSection(ProjectConfigurationPlatforms) = postSolution
		{49E2519D-0E70-41DC-9E85-2915637D571C}.Debug|Any CPU.ActiveCfg = Debug|Any CPU
		{49E2519D-0E70-41DC-9E85-2915637D571C}.Debug|Any CPU.Build.0 = Debug|Any CPU
		{49E2519D-0E70-41DC-9E85-2915637D571C}.Release|Any CPU.ActiveCfg = Release|Any CPU
		{49E2519D-0E70-41DC-9E85-2915637D571C}.Release|Any CPU.Build.0 = Release|Any CPU
		{49D50268-69DA-4FAE-A660-BAE5D7039CB7}.Debug|Any CPU.ActiveCfg = Debug|Any CPU
		{49D50268-69DA-4FAE-A660-BAE5D7039CB7}.Debug|Any CPU.Build.0 = Debug|Any CPU
		{49D50268-69DA-4FAE-A660-BAE5D7039CB7}.Release|Any CPU.ActiveCfg = Release|Any CPU
		{49D50268-69DA-4FAE-A660-BAE5D7039CB7}.Release|Any CPU.Build.0 = Release|Any CPU
		{B02E8568-E0BD-47A7-8B6A-ACEF6C09E738}.Debug|Any CPU.ActiveCfg = Debug|Any CPU
		{B02E8568-E0BD-47A7-8B6A-ACEF6C09E738}.Debug|Any CPU.Build.0 = Debug|Any CPU
		{B02E8568-E0BD-47A7-8B6A-ACEF6C09E738}.Release|Any CPU.ActiveCfg = Release|Any CPU
		{B02E8568-E0BD-47A7-8B6A-ACEF6C09E738}.Release|Any CPU.Build.0 = Release|Any CPU
		{9166AAED-1875-4DD2-926F-AAD0BB2CBF30}.Debug|Any CPU.ActiveCfg = Debug|Any CPU
		{9166AAED-1875-4DD2-926F-AAD0BB2CBF30}.Debug|Any CPU.Build.0 = Debug|Any CPU
		{9166AAED-1875-4DD2-926F-AAD0BB2CBF30}.Release|Any CPU.ActiveCfg = Release|Any CPU
		{9166AAED-1875-4DD2-926F-AAD0BB2CBF30}.Release|Any CPU.Build.0 = Release|Any CPU
		{876B41FC-6102-4240-A857-EE343D0EB3D3}.Debug|Any CPU.ActiveCfg = Debug|Any CPU
		{876B41FC-6102-4240-A857-EE343D0EB3D3}.Debug|Any CPU.Build.0 = Debug|Any CPU
		{876B41FC-6102-4240-A857-EE343D0EB3D3}.Release|Any CPU.ActiveCfg = Release|Any CPU
		{876B41FC-6102-4240-A857-EE343D0EB3D3}.Release|Any CPU.Build.0 = Release|Any CPU
		{65CFDB5C-5F4F-4D82-8878-63280BB9A29D}.Debug|Any CPU.ActiveCfg = Debug|Any CPU
		{65CFDB5C-5F4F-4D82-8878-63280BB9A29D}.Debug|Any CPU.Build.0 = Debug|Any CPU
		{65CFDB5C-5F4F-4D82-8878-63280BB9A29D}.Release|Any CPU.ActiveCfg = Release|Any CPU
		{65CFDB5C-5F4F-4D82-8878-63280BB9A29D}.Release|Any CPU.Build.0 = Release|Any CPU
		{B32E597E-C9B7-4662-9450-239C5BD5AB83}.Debug|Any CPU.ActiveCfg = Debug|Any CPU
		{B32E597E-C9B7-4662-9450-239C5BD5AB83}.Debug|Any CPU.Build.0 = Debug|Any CPU
		{B32E597E-C9B7-4662-9450-239C5BD5AB83}.Release|Any CPU.ActiveCfg = Release|Any CPU
		{B32E597E-C9B7-4662-9450-239C5BD5AB83}.Release|Any CPU.Build.0 = Release|Any CPU
	EndGlobalSection
	GlobalSection(SolutionProperties) = preSolution
		HideSolutionNode = FALSE
	EndGlobalSection
	GlobalSection(ExtensibilityGlobals) = postSolution
		SolutionGuid = {AB5E6E66-050F-4CC4-AE8E-9687012B5FE5}
	EndGlobalSection
EndGlobal
